
Microsoft Visual Studio Solution File, Format Version 12.00
# Visual Studio Version 17
VisualStudioVersion = 17.0.31903.59
MinimumVisualStudioVersion = 10.0.40219.1
Project("{FAE04EC0-301F-11D3-BF4B-00C04F79EFBC}") = "DotNetKub.WebAppOne", "DotNetKub.WebAppOne\DotNetKub.WebAppOne.csproj", "{EBFC0719-D1CD-4DED-9AAC-7975E81568AB}"
EndProject
Project("{FAE04EC0-301F-11D3-BF4B-00C04F79EFBC}") = "DotNetKub.WebAppTwo", "DotNetKub.WebAppTwo\DotNetKub.WebAppTwo.csproj", "{FC938966-1860-4254-B1FE-F593F31C2117}"
EndProject
Global
	GlobalSection(SolutionConfigurationPlatforms) = preSolution
		Debug|Any CPU = Debug|Any CPU
		Release|Any CPU = Release|Any CPU
	EndGlobalSection
	GlobalSection(SolutionProperties) = preSolution
		HideSolutionNode = FALSE
	EndGlobalSection
	GlobalSection(ProjectConfigurationPlatforms) = postSolution
		{EBFC0719-D1CD-4DED-9AAC-7975E81568AB}.Debug|Any CPU.ActiveCfg = Debug|Any CPU
		{EBFC0719-D1CD-4DED-9AAC-7975E81568AB}.Debug|Any CPU.Build.0 = Debug|Any CPU
		{EBFC0719-D1CD-4DED-9AAC-7975E81568AB}.Release|Any CPU.ActiveCfg = Release|Any CPU
		{EBFC0719-D1CD-4DED-9AAC-7975E81568AB}.Release|Any CPU.Build.0 = Release|Any CPU
		{FC938966-1860-4254-B1FE-F593F31C2117}.Debug|Any CPU.ActiveCfg = Debug|Any CPU
		{FC938966-1860-4254-B1FE-F593F31C2117}.Debug|Any CPU.Build.0 = Debug|Any CPU
		{FC938966-1860-4254-B1FE-F593F31C2117}.Release|Any CPU.ActiveCfg = Release|Any CPU
		{FC938966-1860-4254-B1FE-F593F31C2117}.Release|Any CPU.Build.0 = Release|Any CPU
	EndGlobalSection
EndGlobal
